{
  "name": "allthingsdocs-npm",
  "version": "1.0.0",
  "lockfileVersion": 2,
  "requires": true,
  "packages": {
    "": {
      "name": "allthingsdocs-npm",
      "version": "1.0.0",
      "license": "ISC",
      "dependencies": {
        "rouge": "^1.0.3"
      }
    },
    "node_modules/lodash-node": {
      "version": "2.4.1",
      "resolved": "https://registry.npmjs.org/lodash-node/-/lodash-node-2.4.1.tgz",
      "integrity": "sha1-6oL3sQDHM9GkKvdoAeUGEF4qgOw=",
      "deprecated": "This package is discontinued. Use lodash@^4.0.0."
    },
    "node_modules/rouge": {
      "version": "1.0.3",
      "resolved": "https://registry.npmjs.org/rouge/-/rouge-1.0.3.tgz",
      "integrity": "sha1-JyJbV/YNH3EnLZywoVAXnQgGuqM=",
      "dependencies": {
        "lodash-node": "^2.4.1"
      }
    }
  },
  "dependencies": {
    "lodash-node": {
      "version": "2.4.1",
      "resolved": "https://registry.npmjs.org/lodash-node/-/lodash-node-2.4.1.tgz",
      "integrity": "sha1-6oL3sQDHM9GkKvdoAeUGEF4qgOw="
    },
    "rouge": {
      "version": "1.0.3",
      "resolved": "https://registry.npmjs.org/rouge/-/rouge-1.0.3.tgz",
      "integrity": "sha1-JyJbV/YNH3EnLZywoVAXnQgGuqM=",
      "requires": {
        "lodash-node": "^2.4.1"
      }
    }
  }
}
